# THIS IS AN AUTOGENERATED FILE. DO NOT EDIT THIS FILE DIRECTLY.
# yarn lockfile v1


"@material/animation@^5.1.0":
  version "5.1.0"
  resolved "https://registry.yarnpkg.com/@material/animation/-/animation-5.1.0.tgz#f2d2ffe346f2612bb40d9e8bfb976290b91173f7"
  integrity sha512-qZuPCZkTsCQCzx5EtY2eNBcmYOMGMbFVq6VTmvQztDCYDykT8JfP8Hpk55Y5bGORHvBbIasUXzoAhfQs6w/Bdg==
  dependencies:
    tslib "^1.9.3"

"@material/auto-init@^5.1.0":
  version "5.1.0"
  resolved "https://registry.yarnpkg.com/@material/auto-init/-/auto-init-5.1.0.tgz#9d378ea6a879feeaa0c1b521b1a6e3470822cff3"
  integrity sha512-yal8Bo1cxGclFmXqg9l77PE34g1B3JS+YLBeGeZGXMsKrMcFV4105aipRPYujdKJsUS5eBFeskinJtOIo+gtUw==
  dependencies:
    "@material/base" "^5.1.0"
    tslib "^1.9.3"

"@material/base@^5.1.0":
  version "5.1.0"
  resolved "https://registry.yarnpkg.com/@material/base/-/base-5.1.0.tgz#bd252eb3674c27c1ce690ad98905b4b1d39da30a"
  integrity sha512-UxVFKpSNaoKqd7hHxy9hrvwANp0WJy/BZqu8Rj/aRvKnBZnuHehFuOysI9WqdeTqgveJaQoj6EEkVEqLurR5Sg==
  dependencies:
    tslib "^1.9.3"

"@material/button@^5.1.0":
  version "5.1.0"
  resolved "https://registry.yarnpkg.com/@material/button/-/button-5.1.0.tgz#22986368ce12faad142ba01c4aeb42f6a380dffb"
  integrity sha512-umeuIEbeRRd0cY+5axhrBoM0dvJ4YfoTsUbKgz4ctFxHLBsgthFUIXSa3Ot15s284UP6kjslK0LCMqzhirZxeQ==
  dependencies:
    "@material/density" "^5.1.0"
    "@material/elevation" "^5.1.0"
    "@material/feature-targeting" "^5.1.0"
    "@material/ripple" "^5.1.0"
    "@material/rtl" "^5.1.0"
    "@material/shape" "^5.1.0"
    "@material/theme" "^5.1.0"
    "@material/touch-target" "^5.1.0"
    "@material/typography" "^5.1.0"

"@material/card@^5.1.0":
  version "5.1.0"
  resolved "https://registry.yarnpkg.com/@material/card/-/card-5.1.0.tgz#db3e0b52b09e832cb39f81e9384b792e33c24104"
  integrity sha512-/syao6oR/PAvzs04quybeCWHZVn4W2dNnxIOWIJTRQced0/o3gYrHgQSX+edC+6pEnSr3Drwbo2cye7nRdbixA==
  dependencies:
    "@material/elevation" "^5.1.0"
    "@material/feature-targeting" "^5.1.0"
    "@material/ripple" "^5.1.0"
    "@material/rtl" "^5.1.0"
    "@material/shape" "^5.1.0"
    "@material/theme" "^5.1.0"

"@material/checkbox@^5.1.0":
  version "5.1.0"
  resolved "https://registry.yarnpkg.com/@material/checkbox/-/checkbox-5.1.0.tgz#2f689f6a409f0ed906a0d73bcd0078a768eaf9d1"
  integrity sha512-NwpWxFdWrZNlSjcSEEcGz8UN7ZQ5k8VthExclJnawpYGPUnCPLTXWogREnA2Tyl22PJ6jOy8Ejb8tnpu2rSiaw==
  dependencies:
    "@material/animation" "^5.1.0"
    "@material/base" "^5.1.0"
    "@material/density" "^5.1.0"
    "@material/dom" "^5.1.0"
    "@material/feature-targeting" "^5.1.0"
    "@material/ripple" "^5.1.0"
    "@material/theme" "^5.1.0"
    "@material/touch-target" "^5.1.0"
    tslib "^1.9.3"

"@material/chips@^5.1.0":
  version "5.1.0"
  resolved "https://registry.yarnpkg.com/@material/chips/-/chips-5.1.0.tgz#8bbd5b2be3300a9453cf6edd9186a7c0aa757ace"
  integrity sha512-eYWrobENtXbnGoEx5BEURqoCfoc9aHu1JWq64mF12a/JSk+c035KYMjD4oyhow7dYqobbfQlWWdLQeHoRpYCeA==
  dependencies:
    "@material/animation" "^5.1.0"
    "@material/base" "^5.1.0"
    "@material/checkbox" "^5.1.0"
    "@material/density" "^5.1.0"
    "@material/dom" "^5.1.0"
    "@material/elevation" "^5.1.0"
    "@material/feature-targeting" "^5.1.0"
    "@material/ripple" "^5.1.0"
    "@material/rtl" "^5.1.0"
    "@material/shape" "^5.1.0"
    "@material/theme" "^5.1.0"
    "@material/touch-target" "^5.1.0"
    "@material/typography" "^5.1.0"
    tslib "^1.9.3"

"@material/data-table@^5.1.0":
  version "5.1.0"
  resolved "https://registry.yarnpkg.com/@material/data-table/-/data-table-5.1.0.tgz#4c15a0a18f7ee6d8dba77e435d4fbe064fe1f009"
  integrity sha512-vjijTvCHM7sfyPzQ05026nSWT1Bn/3lfj1u0oeYRnym6Ke6Os36x+IF/jFhjsraXKb2we6cof7OdoMFHCU8cqQ==
  dependencies:
    "@material/animation" "^5.1.0"
    "@material/base" "^5.1.0"
    "@material/checkbox" "^5.1.0"
    "@material/density" "^5.1.0"
    "@material/dom" "^5.1.0"
    "@material/elevation" "^5.1.0"
    "@material/feature-targeting" "^5.1.0"
    "@material/rtl" "^5.1.0"
    "@material/shape" "^5.1.0"
    "@material/theme" "^5.1.0"
    "@material/typography" "^5.1.0"
    tslib "^1.10.0"

"@material/density@^5.1.0":
  version "5.1.0"
  resolved "https://registry.yarnpkg.com/@material/density/-/density-5.1.0.tgz#d36512d413a00595122f98303766dae6b9e9fabe"
  integrity sha512-jmp6AgiNYosl+HicxWCa8vib9pg9tNxRcf+6f9LDkDYJ9jtO90PXuypyd0hO64JZ9Df7BywFj5hTWPERG1FBbw==

"@material/dialog@^5.1.0":
  version "5.1.0"
  resolved "https://registry.yarnpkg.com/@material/dialog/-/dialog-5.1.0.tgz#3ea64b22b728e1e1251aaf0bb4b4a675aad73785"
  integrity sha512-CxA0W0uzXuwJNivB6Gbb7DvtJL3+J7ghsaSL1HfycXVXfdrT1nSidLyOIthRMVBUBJrAMfusvtzFDgXr0TWqDg==
  dependencies:
    "@material/animation" "^5.1.0"
    "@material/base" "^5.1.0"
    "@material/button" "^5.1.0"
    "@material/dom" "^5.1.0"
    "@material/elevation" "^5.1.0"
    "@material/feature-targeting" "^5.1.0"
    "@material/ripple" "^5.1.0"
    "@material/rtl" "^5.1.0"
    "@material/shape" "^5.1.0"
    "@material/theme" "^5.1.0"
    "@material/touch-target" "^5.1.0"
    "@material/typography" "^5.1.0"
    tslib "^1.9.3"

"@material/dom@^5.1.0":
  version "5.1.0"
  resolved "https://registry.yarnpkg.com/@material/dom/-/dom-5.1.0.tgz#fefb96e1f744653dfc3ecdb01f7ebef81ce1faeb"
  integrity sha512-tBbl3hG34Auv+2sboWhtstXeZ9rx3G7hb/jEXs5xZ5KIfZHwY4mbo0KqR/fSJZKaUsvk2Nc/UEOVcUx2mTNmYg==
  dependencies:
    tslib "^1.9.3"

"@material/drawer@^5.1.0":
  version "5.1.0"
  resolved "https://registry.yarnpkg.com/@material/drawer/-/drawer-5.1.0.tgz#027a6ad85637b999b4301c9df09513c18d8b4269"
  integrity sha512-Xh/kYkT8QWWXkbCI25ys6av0wrc0wXRfvnRdH34Rz4sZvWC51D6apK2bxGr+AV/uR88zwn6U8pb9cccnr+2Eqw==
  dependencies:
    "@material/animation" "^5.1.0"
    "@material/base" "^5.1.0"
    "@material/dom" "^5.1.0"
    "@material/elevation" "^5.1.0"
    "@material/feature-targeting" "^5.1.0"
    "@material/list" "^5.1.0"
    "@material/ripple" "^5.1.0"
    "@material/rtl" "^5.1.0"
    "@material/shape" "^5.1.0"
    "@material/theme" "^5.1.0"
    "@material/typography" "^5.1.0"
    tslib "^1.9.3"

"@material/elevation@^5.1.0":
  version "5.1.0"
  resolved "https://registry.yarnpkg.com/@material/elevation/-/elevation-5.1.0.tgz#569065f858dd1dfb83d3ba4951ed6e449da1d545"
  integrity sha512-NsWIT+L6x3BLouCOh3H8x885/nCrNNmzCwHEodz/0PcYQsxx9RiIVFkagmJWw/w//jej/D4NotD0xHGKOWTrFA==
  dependencies:
    "@material/animation" "^5.1.0"
    "@material/base" "^5.1.0"
    "@material/feature-targeting" "^5.1.0"
    "@material/theme" "^5.1.0"

"@material/fab@^5.1.0":
  version "5.1.0"
  resolved "https://registry.yarnpkg.com/@material/fab/-/fab-5.1.0.tgz#4a38fd4d7579f5b7aea6c8d2b60cb3ded77945d3"
  integrity sha512-mq9I0l4hnsMS+Ko/W7e5A8epElIp3H0UFGJzMlZX5VJBWBpfnykj7fLYnVWtyJ+zFgdLv6rpO/307Kto7gi5Pg==
  dependencies:
    "@material/animation" "^5.1.0"
    "@material/elevation" "^5.1.0"
    "@material/feature-targeting" "^5.1.0"
    "@material/ripple" "^5.1.0"
    "@material/rtl" "^5.1.0"
    "@material/shape" "^5.1.0"
    "@material/theme" "^5.1.0"
    "@material/touch-target" "^5.1.0"
    "@material/typography" "^5.1.0"

"@material/feature-targeting@^5.1.0":
  version "5.1.0"
  resolved "https://registry.yarnpkg.com/@material/feature-targeting/-/feature-targeting-5.1.0.tgz#49265bbd4ff59b1cd20a385b5547f7c246cb1955"
  integrity sha512-z3JNWF7lP9WOzw1xBwul/HAOu4qC6EpK/8MkhjLNI9APvdYML82PWS1V0k0MiqA6Jk6uxm8DiVAk9VUqBa9/YA==

"@material/floating-label@^5.1.0":
  version "5.1.0"
  resolved "https://registry.yarnpkg.com/@material/floating-label/-/floating-label-5.1.0.tgz#8d654b3f2ca98248e5a73a63feec8f4523c5ab4f"
  integrity sha512-5EwPiBa5A4Q678tNWdkkBGDdSCDzudhVgBtRiA/7xRo4dHXiBxX5bhE+RHrF3ZQyEf6fsShspqwAFkTA1EaplQ==
  dependencies:
    "@material/animation" "^5.1.0"
    "@material/base" "^5.1.0"
    "@material/dom" "^5.1.0"
    "@material/feature-targeting" "^5.1.0"
    "@material/rtl" "^5.1.0"
    "@material/theme" "^5.1.0"
    "@material/typography" "^5.1.0"
    tslib "^1.9.3"

"@material/form-field@^5.1.0":
  version "5.1.0"
  resolved "https://registry.yarnpkg.com/@material/form-field/-/form-field-5.1.0.tgz#91bf81cb4647d655b7459df0aa19060189f55564"
  integrity sha512-gF2YoeCd41fIM7U1v3psEqiUdwbylbzb6BuvmcKmH0OQBP6lnRbLSbgKWldcHx2VyKTdqusu/bv6/NAe/98QiQ==
  dependencies:
    "@material/base" "^5.1.0"
    "@material/feature-targeting" "^5.1.0"
    "@material/ripple" "^5.1.0"
    "@material/rtl" "^5.1.0"
    "@material/theme" "^5.1.0"
    "@material/typography" "^5.1.0"
    tslib "^1.9.3"

"@material/icon-button@^5.1.0":
  version "5.1.0"
  resolved "https://registry.yarnpkg.com/@material/icon-button/-/icon-button-5.1.0.tgz#224c5607ca272feac41ec223816ee1233fb2b018"
  integrity sha512-HLdSkqDH1wx5YSBHz8dGEL2BKv8IDqhRul7wea9i9/3RcQz3hb5+OYpq8iiXqpxcVPVlWNud2w1oyvmEXRTdZQ==
  dependencies:
    "@material/base" "^5.1.0"
    "@material/density" "^5.1.0"
    "@material/feature-targeting" "^5.1.0"
    "@material/ripple" "^5.1.0"
    "@material/theme" "^5.1.0"
    tslib "^1.9.3"

"@material/image-list@^5.1.0":
  version "5.1.0"
  resolved "https://registry.yarnpkg.com/@material/image-list/-/image-list-5.1.0.tgz#d7ef3896dc69d1a1be52ccf4c8a39a8240b45cf2"
  integrity sha512-LFl7W8AFp2baFY38BBGVX5C6c/zZoPOsHsRMhVP8jvIH5q1BfUg6SaXkleos6Yxmy+18hdPnVuWdAQ38hhje8Q==
  dependencies:
    "@material/feature-targeting" "^5.1.0"
    "@material/shape" "^5.1.0"
    "@material/theme" "^5.1.0"
    "@material/typography" "^5.1.0"

"@material/layout-grid@^5.1.0":
  version "5.1.0"
  resolved "https://registry.yarnpkg.com/@material/layout-grid/-/layout-grid-5.1.0.tgz#a1f584bfdd3a1f11db37aa63c512b4c3c1dbfee9"
  integrity sha512-6TvPVZE+UGVfmzttbRp0K6SOUvFmYI5W8p966Vztg8dYK122ondRJqMmyFf0SS0CdbrbO+bSW7/S3YkpPNrvAg==

"@material/line-ripple@^5.1.0":
  version "5.1.0"
  resolved "https://registry.yarnpkg.com/@material/line-ripple/-/line-ripple-5.1.0.tgz#86cb1b8a91bf010231109211b8eb38ad059f5f23"
  integrity sha512-esf2/ROZl1eVpyGCWPvxMSGVkuIOG5Fm6qufOLp7XIx5IL1O0bsm+bV6cVC4JCCtmNOag4GOBgkKKbkOvp/R6g==
  dependencies:
    "@material/animation" "^5.1.0"
    "@material/base" "^5.1.0"
    "@material/feature-targeting" "^5.1.0"
    "@material/theme" "^5.1.0"
    tslib "^1.9.3"

"@material/linear-progress@^5.1.0":
  version "5.1.0"
  resolved "https://registry.yarnpkg.com/@material/linear-progress/-/linear-progress-5.1.0.tgz#e1d9c0f65f19588845c2f30370545441c9fe505a"
  integrity sha512-wuBH2Y7psdiG5ubsKCHFWriHv4IqLeUARCmHoHyFsAdW0snwMPzSgb2mbVDiGl5gjWbSDxBsqGjKo5kOl3Vaug==
  dependencies:
    "@material/animation" "^5.1.0"
    "@material/base" "^5.1.0"
    "@material/feature-targeting" "^5.1.0"
    "@material/progress-indicator" "^5.1.0"
    "@material/theme" "^5.1.0"
    tslib "^1.9.3"

"@material/list@^5.1.0":
  version "5.1.0"
  resolved "https://registry.yarnpkg.com/@material/list/-/list-5.1.0.tgz#04c010e393c88c7da2091426fd12b8206585c37e"
  integrity sha512-fcHMJLmmtFYeMU8CO9VsXoRRm3/2jhPVMWK3lpuARZxvkNyZqjQG0mGtpWgw4oekerM/B37TGGFmN3R5DSyGcg==
  dependencies:
    "@material/base" "^5.1.0"
    "@material/density" "^5.1.0"
    "@material/dom" "^5.1.0"
    "@material/feature-targeting" "^5.1.0"
    "@material/ripple" "^5.1.0"
    "@material/rtl" "^5.1.0"
    "@material/shape" "^5.1.0"
    "@material/theme" "^5.1.0"
    "@material/typography" "^5.1.0"
    tslib "^1.9.3"

"@material/menu-surface@^5.1.0":
  version "5.1.0"
  resolved "https://registry.yarnpkg.com/@material/menu-surface/-/menu-surface-5.1.0.tgz#008dc61e79f73deec3e56b9fdbba164ccec13759"
  integrity sha512-8EqkrKP92O4xaPVItz2841OfmuH3zyCclU1iC0NSBa39MwmYt7ML3IEaOXwOzKlcNGOcC7qPeqcpYlUsfMYX3g==
  dependencies:
    "@material/animation" "^5.1.0"
    "@material/base" "^5.1.0"
    "@material/elevation" "^5.1.0"
    "@material/feature-targeting" "^5.1.0"
    "@material/rtl" "^5.1.0"
    "@material/shape" "^5.1.0"
    "@material/theme" "^5.1.0"
    tslib "^1.9.3"

"@material/menu@^5.1.0":
  version "5.1.0"
  resolved "https://registry.yarnpkg.com/@material/menu/-/menu-5.1.0.tgz#28794c1be742a227e1e20f3bdddc896178890ebe"
  integrity sha512-ssJNcbdyLewgL7hnj4C7JeXO3GvV4G2i1//Ych2s+au7AcJ/6/YeTTKhiCkoSpS7pb7axB3dMKwQWor2glec5Q==
  dependencies:
    "@material/base" "^5.1.0"
    "@material/dom" "^5.1.0"
    "@material/elevation" "^5.1.0"
    "@material/feature-targeting" "^5.1.0"
    "@material/list" "^5.1.0"
    "@material/menu-surface" "^5.1.0"
    "@material/ripple" "^5.1.0"
    "@material/rtl" "^5.1.0"
    "@material/theme" "^5.1.0"
    tslib "^1.9.3"

"@material/notched-outline@^5.1.0":
  version "5.1.0"
  resolved "https://registry.yarnpkg.com/@material/notched-outline/-/notched-outline-5.1.0.tgz#4ec97001ed6bbb66f04100b7745ae99d19a4d16e"
  integrity sha512-mQ3NjJR1jLXnJi6jhs20ftTf0yU1gWpYlyx1GizU0f7pLEqcIrFnw6G+pavcnKqP+JXNkzAQeGbmZvYBQnxokA==
  dependencies:
    "@material/base" "^5.1.0"
    "@material/feature-targeting" "^5.1.0"
    "@material/floating-label" "^5.1.0"
    "@material/rtl" "^5.1.0"
    "@material/shape" "^5.1.0"
    "@material/theme" "^5.1.0"
    tslib "^1.9.3"

"@material/progress-indicator@^5.1.0":
  version "5.1.0"
  resolved "https://registry.yarnpkg.com/@material/progress-indicator/-/progress-indicator-5.1.0.tgz#d7885c4d2de7d3c9c0951bf19cc4bb6344d75cab"
  integrity sha512-+bsiQogKFu42Td8cXpsxX1u2BOyB4erR6NBWMrSWZJNmKM95EFQrQEnr9nxfU94bY47V3UqYtcAY9Y6GgfJyZQ==
  dependencies:
    tslib "^1.9.3"

"@material/radio@^5.1.0":
  version "5.1.0"
  resolved "https://registry.yarnpkg.com/@material/radio/-/radio-5.1.0.tgz#4220369fe89c2cee8a9549b505d857a6efc6108c"
  integrity sha512-srAchlY1TKkmQAdMHqbP9vLkN7gmiWX6FGzArgKomd6Es8OqF2P3jvPcQizqz4OFYZIMrxARdW6r8QvhG0lZEg==
  dependencies:
    "@material/animation" "^5.1.0"
    "@material/base" "^5.1.0"
    "@material/density" "^5.1.0"
    "@material/dom" "^5.1.0"
    "@material/feature-targeting" "^5.1.0"
    "@material/ripple" "^5.1.0"
    "@material/theme" "^5.1.0"
    "@material/touch-target" "^5.1.0"
    tslib "^1.9.3"

"@material/ripple@^5.1.0":
  version "5.1.0"
  resolved "https://registry.yarnpkg.com/@material/ripple/-/ripple-5.1.0.tgz#6624e0ff7718d6bfa65fecd0bca4c03d2696c07b"
  integrity sha512-mluIf+HaaCplszp9/MAl178FpfIJWi5hSyQOpF7w8RTzRSaH8J0uwgmn8VeNnwe1TAWio0vQzHrz4iEg2r7Ngw==
  dependencies:
    "@material/animation" "^5.1.0"
    "@material/base" "^5.1.0"
    "@material/dom" "^5.1.0"
    "@material/feature-targeting" "^5.1.0"
    "@material/theme" "^5.1.0"
    tslib "^1.9.3"

"@material/rtl@^5.1.0":
  version "5.1.0"
  resolved "https://registry.yarnpkg.com/@material/rtl/-/rtl-5.1.0.tgz#abd8c2bb5322b8fbe549e2f467791612720da746"
  integrity sha512-Hij4KJIfjK63HArdQ3K1INMo0MbigDgL0JhjO1VDk5c+iYmYpjDI7wgPLmV5ISCBtenXRWpo1xbBO3uEmtCd4Q==

"@material/select@^5.1.0":
  version "5.1.0"
  resolved "https://registry.yarnpkg.com/@material/select/-/select-5.1.0.tgz#c6106e3e4f27f3670be089ceddb030aead936ffc"
  integrity sha512-AAXscWDMjpVfO91VYKhxdP8XTyZ6fJFNFEgL0lxccvRqU8qFt5cPQ+7W1IgMWYdrnvHhANa8DLTrpnepSq4irQ==
  dependencies:
    "@material/animation" "^5.1.0"
    "@material/base" "^5.1.0"
    "@material/floating-label" "^5.1.0"
    "@material/line-ripple" "^5.1.0"
    "@material/menu" "^5.1.0"
    "@material/menu-surface" "^5.1.0"
    "@material/notched-outline" "^5.1.0"
    "@material/ripple" "^5.1.0"
    "@material/rtl" "^5.1.0"
    "@material/shape" "^5.1.0"
    "@material/theme" "^5.1.0"
    "@material/typography" "^5.1.0"
    tslib "^1.9.3"

"@material/shape@^5.1.0":
  version "5.1.0"
  resolved "https://registry.yarnpkg.com/@material/shape/-/shape-5.1.0.tgz#155d01c6fdc90a9225fef297fe146c1946a6c147"
  integrity sha512-/k27T9fhQ1zj7VCsS26nv0TzsOi142ncik2mycEXq8753PDBotob7Y19pbwivwt9QxkglhMGH0EaWdZPzBoQXw==
  dependencies:
    "@material/feature-targeting" "^5.1.0"
    "@material/rtl" "^5.1.0"

"@material/slider@^5.1.0":
  version "5.1.0"
  resolved "https://registry.yarnpkg.com/@material/slider/-/slider-5.1.0.tgz#93d2dee500752a0e85af497848260042219408e4"
  integrity sha512-3+0kIgqowmUK0AXOC0jvR+8fqFJobdWuthfbuYBV+PFGBa9+zUow6Txf/yrhtCeQ01FHXw2iNeEFXSws+MYP9w==
  dependencies:
    "@material/animation" "^5.1.0"
    "@material/base" "^5.1.0"
    "@material/dom" "^5.1.0"
    "@material/feature-targeting" "^5.1.0"
    "@material/rtl" "^5.1.0"
    "@material/theme" "^5.1.0"
    "@material/typography" "^5.1.0"
    tslib "^1.9.3"

"@material/snackbar@^5.1.0":
  version "5.1.0"
  resolved "https://registry.yarnpkg.com/@material/snackbar/-/snackbar-5.1.0.tgz#f5a075cebc314f5d3fbe887c7d2231c9587e9d9d"
  integrity sha512-bn6WydEGKZxq24aZ6BfnLGPbhCww2srOe+mn2W9VJFBfZEh9qnCcya2jHs295pPbzRtDM1b2oR2LiAKBfIBt3A==
  dependencies:
    "@material/animation" "^5.1.0"
    "@material/base" "^5.1.0"
    "@material/button" "^5.1.0"
    "@material/dom" "^5.1.0"
    "@material/elevation" "^5.1.0"
    "@material/feature-targeting" "^5.1.0"
    "@material/icon-button" "^5.1.0"
    "@material/ripple" "^5.1.0"
    "@material/rtl" "^5.1.0"
    "@material/shape" "^5.1.0"
    "@material/theme" "^5.1.0"
    "@material/typography" "^5.1.0"
    tslib "^1.9.3"

"@material/switch@^5.1.0":
  version "5.1.0"
  resolved "https://registry.yarnpkg.com/@material/switch/-/switch-5.1.0.tgz#80894dbfdf799aa4220189f39fcd3100722df2b6"
  integrity sha512-cHFzquY8NINZIIaDdA+T3gwBR5V0lRORh6BNq4EBD69GiGQamoz1S8APr5ea1Sodt7Dm1yzkDRbbDO+yoNgR9g==
  dependencies:
    "@material/animation" "^5.1.0"
    "@material/base" "^5.1.0"
    "@material/density" "^5.1.0"
    "@material/dom" "^5.1.0"
    "@material/elevation" "^5.1.0"
    "@material/feature-targeting" "^5.1.0"
    "@material/ripple" "^5.1.0"
    "@material/rtl" "^5.1.0"
    "@material/theme" "^5.1.0"
    tslib "^1.9.3"

"@material/tab-bar@^5.1.0":
  version "5.1.0"
  resolved "https://registry.yarnpkg.com/@material/tab-bar/-/tab-bar-5.1.0.tgz#e3b4e959a04f3af76282e9a71204aad98a512e78"
  integrity sha512-zK1Fe+in5cjkNIQH3Z7NiKqz0hNWehgr5e8lO0MxAFoTRodxUw5OhM9rse18c42uW+fItTJeSpLdz7RceENpyw==
  dependencies:
    "@material/animation" "^5.1.0"
    "@material/base" "^5.1.0"
    "@material/density" "^5.1.0"
    "@material/feature-targeting" "^5.1.0"
    "@material/tab" "^5.1.0"
    "@material/tab-scroller" "^5.1.0"
    tslib "^1.9.3"

"@material/tab-indicator@^5.1.0":
  version "5.1.0"
  resolved "https://registry.yarnpkg.com/@material/tab-indicator/-/tab-indicator-5.1.0.tgz#1af7ce885bf2b64af4057acb3a736ae2b993b925"
  integrity sha512-vy/oBsvRQaQ2EscsgFp9xu7tZM6UBECmNxcC1k2eQGhNjy7olkoL9bX/ymiN4xAjQYqvP6BnC3LN3IywvKMTxQ==
  dependencies:
    "@material/animation" "^5.1.0"
    "@material/base" "^5.1.0"
    "@material/feature-targeting" "^5.1.0"
    "@material/theme" "^5.1.0"
    tslib "^1.9.3"

"@material/tab-scroller@^5.1.0":
  version "5.1.0"
  resolved "https://registry.yarnpkg.com/@material/tab-scroller/-/tab-scroller-5.1.0.tgz#7698b873526bc4a4a2baba415cbcf46db76fe996"
  integrity sha512-7b1Ea5tLc0A0iQEWYHXj8jfdJgYFMaaWjs9BOJyPBw7m2PyDnVwPGngPC5RqmxjDdyEeXbtDHsnMLZmjdT5g6A==
  dependencies:
    "@material/animation" "^5.1.0"
    "@material/base" "^5.1.0"
    "@material/dom" "^5.1.0"
    "@material/feature-targeting" "^5.1.0"
    "@material/tab" "^5.1.0"
    tslib "^1.9.3"

"@material/tab@^5.1.0":
  version "5.1.0"
  resolved "https://registry.yarnpkg.com/@material/tab/-/tab-5.1.0.tgz#1b91ce22218422a4c1a7c67d26e44c0971f0e1be"
  integrity sha512-awur1Yv2QjJ8ghNyZ/oF6MThxczGDdGqimrzcgS0wI04sg2eTiU5Ed6KV3VILVsD9fA8kKR/e5XEh0CXjqhUYQ==
  dependencies:
    "@material/base" "^5.1.0"
    "@material/feature-targeting" "^5.1.0"
    "@material/ripple" "^5.1.0"
    "@material/rtl" "^5.1.0"
    "@material/tab-indicator" "^5.1.0"
    "@material/theme" "^5.1.0"
    "@material/typography" "^5.1.0"
    tslib "^1.9.3"

"@material/textfield@^5.1.0":
  version "5.1.0"
  resolved "https://registry.yarnpkg.com/@material/textfield/-/textfield-5.1.0.tgz#75f68c62dc916116330a4c958ba3866c87bd6002"
  integrity sha512-Vipvw75AXj4G/BGXv3DyrGozbvHxGtcNGig1e5pz1ERvcmZN5epLyGStznxEIZYNf0Q+6O/NwSRxZGgrdI2w8w==
  dependencies:
    "@material/animation" "^5.1.0"
    "@material/base" "^5.1.0"
    "@material/density" "^5.1.0"
    "@material/dom" "^5.1.0"
    "@material/feature-targeting" "^5.1.0"
    "@material/floating-label" "^5.1.0"
    "@material/line-ripple" "^5.1.0"
    "@material/notched-outline" "^5.1.0"
    "@material/ripple" "^5.1.0"
    "@material/rtl" "^5.1.0"
    "@material/shape" "^5.1.0"
    "@material/theme" "^5.1.0"
    "@material/typography" "^5.1.0"
    tslib "^1.9.3"

"@material/theme@^5.1.0":
  version "5.1.0"
  resolved "https://registry.yarnpkg.com/@material/theme/-/theme-5.1.0.tgz#013c37d055afc5d4045c77e44c9fd1f940ff865b"
  integrity sha512-VoaCYAubn/oEG1/fu/yP4nxAw8sLEphFOGGBJxcPGQoLgQ9qcvibsV3G5H9S6AtmhJxgSGU0JnO9TaiuhQq5zA==
  dependencies:
    "@material/feature-targeting" "^5.1.0"

"@material/top-app-bar@^5.1.0":
  version "5.1.0"
  resolved "https://registry.yarnpkg.com/@material/top-app-bar/-/top-app-bar-5.1.0.tgz#c67980874170e6d89fe1c19f03064bfe0257c52a"
  integrity sha512-ySCUpwIFnCmY/I9/XPs0IPBCvjWzc2NQ7mquG7qQoaUVUqWTNMyL15zG6CeDf2/Nk14mlSRNM4LRPFWenCdJoQ==
  dependencies:
    "@material/animation" "^5.1.0"
    "@material/base" "^5.1.0"
    "@material/elevation" "^5.1.0"
    "@material/ripple" "^5.1.0"
    "@material/rtl" "^5.1.0"
    "@material/shape" "^5.1.0"
    "@material/theme" "^5.1.0"
    "@material/typography" "^5.1.0"
    tslib "^1.9.3"

"@material/touch-target@^5.1.0":
  version "5.1.0"
  resolved "https://registry.yarnpkg.com/@material/touch-target/-/touch-target-5.1.0.tgz#0e03ba901acf118c91eb4cfa02034964424565a2"
  integrity sha512-lR3eoL1D0I/hyEK6I7bMFDBy/pE0yYvjYUZtL1vC7+2i54A4FgQ2hwnpQJVaZQXzrHdj6xsXmODphmUsH5gqPA==
  dependencies:
    "@material/base" "^5.1.0"
    "@material/feature-targeting" "^5.1.0"

"@material/typography@^5.1.0":
  version "5.1.0"
  resolved "https://registry.yarnpkg.com/@material/typography/-/typography-5.1.0.tgz#b346f4139b231f17c84c439a1c7af311c40c5844"
  integrity sha512-yh02koa6JLyPT5u7Zb31kyqhoZoppL0n9FmZK+eHXZcfeDF7ROL0UmtRsEjQxfnCNZRR+FIhAgrzdYxClwH05g==
  dependencies:
    "@material/feature-targeting" "^5.1.0"
    "@material/theme" "^5.1.0"

"@types/color-name@^1.1.1":
  version "1.1.1"
  resolved "https://registry.yarnpkg.com/@types/color-name/-/color-name-1.1.1.tgz#1c1261bbeaa10a8055bbc5d8ab84b7b2afc846a0"
  integrity sha512-rr+OQyAjxze7GgWrSaJwydHStIhHq2lvY3BOC2Mj7KnzI7XK0Uw1TOOdI9lDoajEbSWLiYgoo4f1R51erQfhPQ==

ansi-regex@^5.0.0:
  version "5.0.0"
  resolved "https://registry.yarnpkg.com/ansi-regex/-/ansi-regex-5.0.0.tgz#388539f55179bf39339c81af30a654d69f87cb75"
  integrity sha512-bY6fj56OUQ0hU1KjFNDQuJFezqKdrAyFdIevADiqrWHwSlbmBNMHp5ak2f40Pm8JTFyM2mqxkG6ngkHO11f/lg==

ansi-styles@^4.0.0, ansi-styles@^4.1.0:
  version "4.2.1"
  resolved "https://registry.yarnpkg.com/ansi-styles/-/ansi-styles-4.2.1.tgz#90ae75c424d008d2624c5bf29ead3177ebfcf359"
  integrity sha512-9VGjrMsG1vePxcSweQsN20KY/c4zN0h9fLjqAbwbPfahM3t+NL+M9HC8xeXG2I8pX5NoamTGNuomEUFI7fcUjA==
  dependencies:
    "@types/color-name" "^1.1.1"
    color-convert "^2.0.1"

at-least-node@^1.0.0:
  version "1.0.0"
  resolved "https://registry.yarnpkg.com/at-least-node/-/at-least-node-1.0.0.tgz#602cd4b46e844ad4effc92a8011a3c46e0238dc2"
  integrity sha512-+q/t7Ekv1EDY2l6Gda6LLiX14rU9TV20Wa3ofeQmwPFZbOMo9DXrLbOjFaaclkXKWidIaopwAObQDqwWtGUjqg==

balanced-match@^1.0.0:
  version "1.0.0"
  resolved "https://registry.yarnpkg.com/balanced-match/-/balanced-match-1.0.0.tgz#89b4d199ab2bee49de164ea02b89ce462d71b767"
  integrity sha1-ibTRmasr7kneFk6gK4nORi1xt2c=

brace-expansion@^1.1.7:
  version "1.1.11"
  resolved "https://registry.yarnpkg.com/brace-expansion/-/brace-expansion-1.1.11.tgz#3c7fcbf529d87226f3d2f52b966ff5271eb441dd"
  integrity sha512-iCuPHDFgrHX7H2vEI/5xpz07zSHB00TpugqhmYtVmMO6518mCuRMoOYFldEBl0g187ufozdaHgWKcYFb61qGiA==
  dependencies:
    balanced-match "^1.0.0"
    concat-map "0.0.1"

camelcase@^5.0.0:
  version "5.3.1"
  resolved "https://registry.yarnpkg.com/camelcase/-/camelcase-5.3.1.tgz#e3c9b31569e106811df242f715725a1f4c494320"
  integrity sha512-L28STB170nwWS63UjtlEOE3dldQApaJXZkOI1uMFfzf3rRuPegHaHesyee+YxQ+W6SvRDQV6UrdOdRiR153wJg==

chalk@^3.0.0:
  version "3.0.0"
  resolved "https://registry.yarnpkg.com/chalk/-/chalk-3.0.0.tgz#3f73c2bf526591f574cc492c51e2456349f844e4"
  integrity sha512-4D3B6Wf41KOYRFdszmDqMCGq5VV/uMAB273JILmO+3jAlh8X4qDtdtgCR3fxtbLEMzSx22QdhnDcJvu2u1fVwg==
  dependencies:
    ansi-styles "^4.1.0"
    supports-color "^7.1.0"

cliui@^6.0.0:
  version "6.0.0"
  resolved "https://registry.yarnpkg.com/cliui/-/cliui-6.0.0.tgz#511d702c0c4e41ca156d7d0e96021f23e13225b1"
  integrity sha512-t6wbgtoCXvAzst7QgXxJYqPt0usEfbgQdftEPbLL/cvv6HPE5VgvqCuAIDR0NgU52ds6rFwqrgakNLrHEjCbrQ==
  dependencies:
    string-width "^4.2.0"
    strip-ansi "^6.0.0"
    wrap-ansi "^6.2.0"

color-convert@^2.0.1:
  version "2.0.1"
  resolved "https://registry.yarnpkg.com/color-convert/-/color-convert-2.0.1.tgz#72d3a68d598c9bdb3af2ad1e84f21d896abd4de3"
  integrity sha512-RRECPsj7iu/xb5oKYcsFHSppFNnsj/52OVTRKb4zP5onXwVF3zVmmToNcOfGC+CRDpfK/U584fMg38ZHCaElKQ==
  dependencies:
    color-name "~1.1.4"

color-name@~1.1.4:
  version "1.1.4"
  resolved "https://registry.yarnpkg.com/color-name/-/color-name-1.1.4.tgz#c2a09a87acbde69543de6f63fa3995c826c536a2"
  integrity sha512-dOy+3AuW3a2wNbZHIuMZpTcgjGuLU/uBL/ubcZF9OXbDo8ff4O8yVp5Bf0efS8uEoYo5q4Fx7dY9OgQGXgAsQA==

concat-map@0.0.1:
  version "0.0.1"
  resolved "https://registry.yarnpkg.com/concat-map/-/concat-map-0.0.1.tgz#d8a96bd77fd68df7793a73036a3ba0d5405d477b"
  integrity sha1-2Klr13/Wjfd5OnMDajug1UBdR3s=

decamelize@^1.2.0:
  version "1.2.0"
  resolved "https://registry.yarnpkg.com/decamelize/-/decamelize-1.2.0.tgz#f6534d15148269b20352e7bee26f501f9a191290"
  integrity sha1-9lNNFRSCabIDUue+4m9QH5oZEpA=

emoji-regex@^8.0.0:
  version "8.0.0"
  resolved "https://registry.yarnpkg.com/emoji-regex/-/emoji-regex-8.0.0.tgz#e818fd69ce5ccfcb404594f842963bf53164cc37"
  integrity sha512-MSjYzcWNOA0ewAHpz0MxpYFvwg6yjy1NG3xteoqz644VCo/RPgnr1/GGt+ic3iJTzQ8Eu3TdM14SawnVUmGE6A==

find-up@^4.1.0:
  version "4.1.0"
  resolved "https://registry.yarnpkg.com/find-up/-/find-up-4.1.0.tgz#97afe7d6cdc0bc5928584b7c8d7b16e8a9aa5d19"
  integrity sha512-PpOwAdQ/YlXQ2vj8a3h8IipDuYRi3wceVQQGYWxNINccq40Anw7BlsEXCMbt1Zt+OLA6Fq9suIpIWD0OsnISlw==
  dependencies:
    locate-path "^5.0.0"
    path-exists "^4.0.0"

fs-extra@^9.0.0:
  version "9.0.0"
  resolved "https://registry.yarnpkg.com/fs-extra/-/fs-extra-9.0.0.tgz#b6afc31036e247b2466dc99c29ae797d5d4580a3"
  integrity sha512-pmEYSk3vYsG/bF651KPUXZ+hvjpgWYw/Gc7W9NFUe3ZVLczKKWIij3IKpOrQcdw4TILtibFslZ0UmR8Vvzig4g==
  dependencies:
    at-least-node "^1.0.0"
    graceful-fs "^4.2.0"
    jsonfile "^6.0.1"
    universalify "^1.0.0"

fs.realpath@^1.0.0:
  version "1.0.0"
  resolved "https://registry.yarnpkg.com/fs.realpath/-/fs.realpath-1.0.0.tgz#1504ad2523158caa40db4a2787cb01411994ea4f"
  integrity sha1-FQStJSMVjKpA20onh8sBQRmU6k8=

get-caller-file@^2.0.1:
  version "2.0.5"
  resolved "https://registry.yarnpkg.com/get-caller-file/-/get-caller-file-2.0.5.tgz#4f94412a82db32f36e3b0b9741f8a97feb031f7e"
  integrity sha512-DyFP3BM/3YHTQOCUL/w0OZHR0lpKeGrxotcHWcqNEdnltqFwXVfhEBQ94eIo34AfQpo0rGki4cyIiftY06h2Fg==

glob@^7.1.3, glob@^7.1.6:
  version "7.1.6"
  resolved "https://registry.yarnpkg.com/glob/-/glob-7.1.6.tgz#141f33b81a7c2492e125594307480c46679278a6"
  integrity sha512-LwaxwyZ72Lk7vZINtNNrywX0ZuLyStrdDtabefZKAY5ZGJhVtgdznluResxNmPitE0SAO+O26sWTHeKSI2wMBA==
  dependencies:
    fs.realpath "^1.0.0"
    inflight "^1.0.4"
    inherits "2"
    minimatch "^3.0.4"
    once "^1.3.0"
    path-is-absolute "^1.0.0"

graceful-fs@^4.1.6, graceful-fs@^4.2.0:
  version "4.2.3"
  resolved "https://registry.yarnpkg.com/graceful-fs/-/graceful-fs-4.2.3.tgz#4a12ff1b60376ef09862c2093edd908328be8423"
  integrity sha512-a30VEBm4PEdx1dRB7MFK7BejejvCvBronbLjht+sHuGYj8PHs7M/5Z+rt5lw551vZ7yfTCj4Vuyy3mSJytDWRQ==

has-flag@^4.0.0:
  version "4.0.0"
  resolved "https://registry.yarnpkg.com/has-flag/-/has-flag-4.0.0.tgz#944771fd9c81c81265c4d6941860da06bb59479b"
  integrity sha512-EykJT/Q1KjTWctppgIAgfSO0tKVuZUjhgMr17kqTumMl6Afv3EISleU7qZUzoXDFTAHTDC4NOoG/ZxU3EvlMPQ==

inflight@^1.0.4:
  version "1.0.6"
  resolved "https://registry.yarnpkg.com/inflight/-/inflight-1.0.6.tgz#49bd6331d7d02d0c09bc910a1075ba8165b56df9"
  integrity sha1-Sb1jMdfQLQwJvJEKEHW6gWW1bfk=
  dependencies:
    once "^1.3.0"
    wrappy "1"

inherits@2:
  version "2.0.4"
  resolved "https://registry.yarnpkg.com/inherits/-/inherits-2.0.4.tgz#0fa2c64f932917c3433a0ded55363aae37416b7c"
  integrity sha512-k/vGaX4/Yla3WzyMCvTQOXYeIHvqOKtnqBduzTHpzpQZzAskKMhZ2K+EnBiSM9zGSoIFeMpXKxa4dYeZIQqewQ==

is-fullwidth-code-point@^3.0.0:
  version "3.0.0"
  resolved "https://registry.yarnpkg.com/is-fullwidth-code-point/-/is-fullwidth-code-point-3.0.0.tgz#f116f8064fe90b3f7844a38997c0b75051269f1d"
  integrity sha512-zymm5+u+sCsSWyD9qNaejV3DFvhCKclKdizYaJUuHA83RLjb7nSuGnddCHGv0hk+KY7BMAlsWeK4Ueg6EV6XQg==

jsonfile@^6.0.1:
  version "6.0.1"
  resolved "https://registry.yarnpkg.com/jsonfile/-/jsonfile-6.0.1.tgz#98966cba214378c8c84b82e085907b40bf614179"
  integrity sha512-jR2b5v7d2vIOust+w3wtFKZIfpC2pnRmFAhAC/BuweZFQR8qZzxH1OyrQ10HmdVYiXWkYUqPVsz91cG7EL2FBg==
  dependencies:
    universalify "^1.0.0"
  optionalDependencies:
    graceful-fs "^4.1.6"

locate-path@^5.0.0:
  version "5.0.0"
  resolved "https://registry.yarnpkg.com/locate-path/-/locate-path-5.0.0.tgz#1afba396afd676a6d42504d0a67a3a7eb9f62aa0"
  integrity sha512-t7hw9pI+WvuwNJXwk5zVHpyhIqzg2qTlklJOf0mVxGSbe3Fp2VieZcduNYjaLDoy6p9uGpQEGWG87WpMKlNq8g==
  dependencies:
    p-locate "^4.1.0"

material-components-web@^5.1.0:
  version "5.1.0"
  resolved "https://registry.yarnpkg.com/material-components-web/-/material-components-web-5.1.0.tgz#e1a7c9d6252284d6857d40e789d26fd6107d42f7"
  integrity sha512-02P8D749kXZBjnTb16ISwucD2TLiw3j7mbjVnAF4+jNlEuNv1cB1qtXSzsavGpATzgoDU0xvzufrfBUqHIaAVA==
  dependencies:
    "@material/animation" "^5.1.0"
    "@material/auto-init" "^5.1.0"
    "@material/base" "^5.1.0"
    "@material/button" "^5.1.0"
    "@material/card" "^5.1.0"
    "@material/checkbox" "^5.1.0"
    "@material/chips" "^5.1.0"
    "@material/data-table" "^5.1.0"
    "@material/density" "^5.1.0"
    "@material/dialog" "^5.1.0"
    "@material/dom" "^5.1.0"
    "@material/drawer" "^5.1.0"
    "@material/elevation" "^5.1.0"
    "@material/fab" "^5.1.0"
    "@material/feature-targeting" "^5.1.0"
    "@material/floating-label" "^5.1.0"
    "@material/form-field" "^5.1.0"
    "@material/icon-button" "^5.1.0"
    "@material/image-list" "^5.1.0"
    "@material/layout-grid" "^5.1.0"
    "@material/line-ripple" "^5.1.0"
    "@material/linear-progress" "^5.1.0"
    "@material/list" "^5.1.0"
    "@material/menu" "^5.1.0"
    "@material/menu-surface" "^5.1.0"
    "@material/notched-outline" "^5.1.0"
    "@material/radio" "^5.1.0"
    "@material/ripple" "^5.1.0"
    "@material/rtl" "^5.1.0"
    "@material/select" "^5.1.0"
    "@material/shape" "^5.1.0"
    "@material/slider" "^5.1.0"
    "@material/snackbar" "^5.1.0"
    "@material/switch" "^5.1.0"
    "@material/tab" "^5.1.0"
    "@material/tab-bar" "^5.1.0"
    "@material/tab-indicator" "^5.1.0"
    "@material/tab-scroller" "^5.1.0"
    "@material/textfield" "^5.1.0"
    "@material/theme" "^5.1.0"
    "@material/top-app-bar" "^5.1.0"
    "@material/touch-target" "^5.1.0"
    "@material/typography" "^5.1.0"

minimatch@^3.0.4:
  version "3.0.4"
  resolved "https://registry.yarnpkg.com/minimatch/-/minimatch-3.0.4.tgz#5166e286457f03306064be5497e8dbb0c3d32083"
  integrity sha512-yJHVQEhyqPLUTgt9B83PXu6W3rx4MvvHvSUvToogpwoGDOUQ+yDrR0HRot+yOCdCO7u4hX3pWft6kWBBcqh0UA==
  dependencies:
    brace-expansion "^1.1.7"

once@^1.3.0:
  version "1.4.0"
  resolved "https://registry.yarnpkg.com/once/-/once-1.4.0.tgz#583b1aa775961d4b113ac17d9c50baef9dd76bd1"
  integrity sha1-WDsap3WWHUsROsF9nFC6753Xa9E=
  dependencies:
    wrappy "1"

p-limit@^2.2.0:
  version "2.2.2"
  resolved "https://registry.yarnpkg.com/p-limit/-/p-limit-2.2.2.tgz#61279b67721f5287aa1c13a9a7fbbc48c9291b1e"
  integrity sha512-WGR+xHecKTr7EbUEhyLSh5Dube9JtdiG78ufaeLxTgpudf/20KqyMioIUZJAezlTIi6evxuoUs9YXc11cU+yzQ==
  dependencies:
    p-try "^2.0.0"

p-locate@^4.1.0:
  version "4.1.0"
  resolved "https://registry.yarnpkg.com/p-locate/-/p-locate-4.1.0.tgz#a3428bb7088b3a60292f66919278b7c297ad4f07"
  integrity sha512-R79ZZ/0wAxKGu3oYMlz8jy/kbhsNrS7SKZ7PxEHBgJ5+F2mtFW2fK2cOtBh1cHYkQsbzFV7I+EoRKe6Yt0oK7A==
  dependencies:
    p-limit "^2.2.0"

p-try@^2.0.0:
  version "2.2.0"
  resolved "https://registry.yarnpkg.com/p-try/-/p-try-2.2.0.tgz#cb2868540e313d61de58fafbe35ce9004d5540e6"
  integrity sha512-R4nPAVTAU0B9D35/Gk3uJf/7XYbQcyohSKdvAxIRSNghFl4e71hVoGnBNQz9cWaXxO2I10KTC+3jMdvvoKw6dQ==

path-exists@^4.0.0:
  version "4.0.0"
  resolved "https://registry.yarnpkg.com/path-exists/-/path-exists-4.0.0.tgz#513bdbe2d3b95d7762e8c1137efa195c6c61b5b3"
  integrity sha512-ak9Qy5Q7jYb2Wwcey5Fpvg2KoAc/ZIhLSLOSBmRmygPsGwkVVt0fZa0qrtMz+m6tJTAHfZQ8FnmB4MG4LWy7/w==

path-is-absolute@^1.0.0:
  version "1.0.1"
  resolved "https://registry.yarnpkg.com/path-is-absolute/-/path-is-absolute-1.0.1.tgz#174b9268735534ffbc7ace6bf53a5a9e1b5c5f5f"
  integrity sha1-F0uSaHNVNP+8es5r9TpanhtcX18=

replace-in-file@^5.0.2:
  version "5.0.2"
  resolved "https://registry.yarnpkg.com/replace-in-file/-/replace-in-file-5.0.2.tgz#bd26203b66dfb5b8112ae36a2d2cf928ea4cfe12"
  integrity sha512-1Vc7Sbr/rTuHgU1PZuBb7tGsFx3D4NKdhV4BpEF2MuN/6+SoXcFtx+dZ1Zz+5Dq4k5x9js87Y+gXQYPTQ9ppkA==
  dependencies:
    chalk "^3.0.0"
    glob "^7.1.6"
    yargs "^15.0.2"

require-directory@^2.1.1:
  version "2.1.1"
  resolved "https://registry.yarnpkg.com/require-directory/-/require-directory-2.1.1.tgz#8c64ad5fd30dab1c976e2344ffe7f792a6a6df42"
  integrity sha1-jGStX9MNqxyXbiNE/+f3kqam30I=

require-main-filename@^2.0.0:
  version "2.0.0"
  resolved "https://registry.yarnpkg.com/require-main-filename/-/require-main-filename-2.0.0.tgz#d0b329ecc7cc0f61649f62215be69af54aa8989b"
  integrity sha512-NKN5kMDylKuldxYLSUfrbo5Tuzh4hd+2E8NPPX02mZtn1VuREQToYe/ZdlJy+J3uCpfaiGF05e7B8W0iXbQHmg==

rimraf@^3.0.2:
  version "3.0.2"
  resolved "https://registry.yarnpkg.com/rimraf/-/rimraf-3.0.2.tgz#f1a5402ba6220ad52cc1282bac1ae3aa49fd061a"
  integrity sha512-JZkJMZkAGFFPP2YqXZXPbMlMBgsxzE8ILs4lMIX/2o0L9UBw9O/Y3o6wFw/i9YLapcUJWwqbi3kdxIPdC62TIA==
  dependencies:
    glob "^7.1.3"

set-blocking@^2.0.0:
  version "2.0.0"
  resolved "https://registry.yarnpkg.com/set-blocking/-/set-blocking-2.0.0.tgz#045f9782d011ae9a6803ddd382b24392b3d890f7"
  integrity sha1-BF+XgtARrppoA93TgrJDkrPYkPc=

string-width@^4.1.0, string-width@^4.2.0:
  version "4.2.0"
  resolved "https://registry.yarnpkg.com/string-width/-/string-width-4.2.0.tgz#952182c46cc7b2c313d1596e623992bd163b72b5"
  integrity sha512-zUz5JD+tgqtuDjMhwIg5uFVV3dtqZ9yQJlZVfq4I01/K5Paj5UHj7VyrQOJvzawSVlKpObApbfD0Ed6yJc+1eg==
  dependencies:
    emoji-regex "^8.0.0"
    is-fullwidth-code-point "^3.0.0"
    strip-ansi "^6.0.0"

strip-ansi@^6.0.0:
  version "6.0.0"
  resolved "https://registry.yarnpkg.com/strip-ansi/-/strip-ansi-6.0.0.tgz#0b1571dd7669ccd4f3e06e14ef1eed26225ae532"
  integrity sha512-AuvKTrTfQNYNIctbR1K/YGTR1756GycPsg7b9bdV9Duqur4gv6aKqHXah67Z8ImS7WEz5QVcOtlfW2rZEugt6w==
  dependencies:
    ansi-regex "^5.0.0"

supports-color@^7.1.0:
  version "7.1.0"
  resolved "https://registry.yarnpkg.com/supports-color/-/supports-color-7.1.0.tgz#68e32591df73e25ad1c4b49108a2ec507962bfd1"
  integrity sha512-oRSIpR8pxT1Wr2FquTNnGet79b3BWljqOuoW/h4oBhxJ/HUbX5nX6JSruTkvXDCFMwDPvsaTTbvMLKZWSy0R5g==
  dependencies:
    has-flag "^4.0.0"

tslib@^1.10.0, tslib@^1.9.3:
  version "1.11.1"
  resolved "https://registry.yarnpkg.com/tslib/-/tslib-1.11.1.tgz#eb15d128827fbee2841549e171f45ed338ac7e35"
  integrity sha512-aZW88SY8kQbU7gpV19lN24LtXh/yD4ZZg6qieAJDDg+YBsJcSmLGK9QpnUjAKVG/xefmvJGd1WUmfpT/g6AJGA==

universalify@^1.0.0:
  version "1.0.0"
  resolved "https://registry.yarnpkg.com/universalify/-/universalify-1.0.0.tgz#b61a1da173e8435b2fe3c67d29b9adf8594bd16d"
  integrity sha512-rb6X1W158d7pRQBg5gkR8uPaSfiids68LTJQYOtEUhoJUWBdaQHsuT/EUduxXYxcrt4r5PJ4fuHW1MHT6p0qug==

which-module@^2.0.0:
  version "2.0.0"
  resolved "https://registry.yarnpkg.com/which-module/-/which-module-2.0.0.tgz#d9ef07dce77b9902b8a3a8fa4b31c3e3f7e6e87a"
  integrity sha1-2e8H3Od7mQK4o6j6SzHD4/fm6Ho=

wrap-ansi@^6.2.0:
  version "6.2.0"
  resolved "https://registry.yarnpkg.com/wrap-ansi/-/wrap-ansi-6.2.0.tgz#e9393ba07102e6c91a3b221478f0257cd2856e53"
  integrity sha512-r6lPcBGxZXlIcymEu7InxDMhdW0KDxpLgoFLcguasxCaJ/SOIZwINatK9KY/tf+ZrlywOKU0UDj3ATXUBfxJXA==
  dependencies:
    ansi-styles "^4.0.0"
    string-width "^4.1.0"
    strip-ansi "^6.0.0"

wrappy@1:
  version "1.0.2"
  resolved "https://registry.yarnpkg.com/wrappy/-/wrappy-1.0.2.tgz#b5243d8f3ec1aa35f1364605bc0d1036e30ab69f"
  integrity sha1-tSQ9jz7BqjXxNkYFvA0QNuMKtp8=

y18n@^4.0.0:
  version "4.0.0"
  resolved "https://registry.yarnpkg.com/y18n/-/y18n-4.0.0.tgz#95ef94f85ecc81d007c264e190a120f0a3c8566b"
  integrity sha512-r9S/ZyXu/Xu9q1tYlpsLIsa3EeLXXk0VwlxqTcFRfg9EhMW+17kbt9G0NrgCmhGb5vT2hyhJZLfDGx+7+5Uj/w==

yargs-parser@^18.1.1:
  version "18.1.2"
  resolved "https://registry.yarnpkg.com/yargs-parser/-/yargs-parser-18.1.2.tgz#2f482bea2136dbde0861683abea7756d30b504f1"
  integrity sha512-hlIPNR3IzC1YuL1c2UwwDKpXlNFBqD1Fswwh1khz5+d8Cq/8yc/Mn0i+rQXduu8hcrFKvO7Eryk+09NecTQAAQ==
  dependencies:
    camelcase "^5.0.0"
    decamelize "^1.2.0"

yargs@^15.0.2:
  version "15.3.1"
  resolved "https://registry.yarnpkg.com/yargs/-/yargs-15.3.1.tgz#9505b472763963e54afe60148ad27a330818e98b"
  integrity sha512-92O1HWEjw27sBfgmXiixJWT5hRBp2eobqXicLtPBIDBhYB+1HpwZlXmbW2luivBJHBzki+7VyCLRtAkScbTBQA==
  dependencies:
    cliui "^6.0.0"
    decamelize "^1.2.0"
    find-up "^4.1.0"
    get-caller-file "^2.0.1"
    require-directory "^2.1.1"
    require-main-filename "^2.0.0"
    set-blocking "^2.0.0"
    string-width "^4.2.0"
    which-module "^2.0.0"
    y18n "^4.0.0"
    yargs-parser "^18.1.1"
